# THIS IS AN AUTOGENERATED FILE. DO NOT EDIT THIS FILE DIRECTLY.
assets/NeuzeitSLT-Book.eot:
  development: 2018-07-03T05:52:00-04:00   b338cc2a402b05bd173472c0c131f0f5
assets/NeuzeitSLT-Book.svg:
  development: 2018-07-03T05:52:43-04:00   57bc71cec50618be9c69d946ce6a5eb6
assets/NeuzeitSLT-Book.ttf:
  development: 2018-07-03T05:52:32-04:00   a518e46cb5c05e07741b53d14d26aa3d
assets/NeuzeitSLT-Book.woff:
  development: 2018-07-03T05:52:19-04:00   a45d8067f951ae942ca357225dbf805e
assets/NeuzeitSLT-Book.woff2:
  development: 2018-07-03T05:52:23-04:00   7f039576dc2fb9846e73bc38023155fd
assets/NeuzeitSLT-BookHeavy.eot:
  development: 2018-07-03T05:52:00-04:00   768481e0da6a8d7f9113e8d3b609eb7b
assets/NeuzeitSLT-BookHeavy.svg:
  development: 2018-07-03T05:52:17-04:00   1e2c9bd7d4d0f8f48422ccf0d2a2358e
assets/NeuzeitSLT-BookHeavy.ttf:
  development: 2018-07-03T05:52:30-04:00   da44ef14ebc058100eb747ffc8758ea3
assets/NeuzeitSLT-BookHeavy.woff:
  development: 2018-07-03T05:52:06-04:00   e94b4fa8d015481e996979a5475a9700
assets/NeuzeitSLT-BookHeavy.woff2:
  development: 2018-07-03T05:51:55-04:00   d6356b79f97b8dd9ab5a636cf165ab7a
assets/bc-quickview-ico-select.svg.liquid:
  development: 2018-07-03T10:24:30-04:00   cadc5dad6e8cedb2d6f76c94c261af5f
assets/bc-quickview-lib.js:
  development: 2018-07-03T10:24:32-04:00   81def62eed793f9d9185887555bdc527
assets/bc-sf-filter-ico.eot:
  development: 2018-07-03T10:24:13-04:00   ceb95c781dfa863c03ec63b987e31fb9
assets/bc-sf-filter-ico.svg:
  development: 2018-07-03T10:24:15-04:00   6ce72c5e887fd7ca419d1c7f39f5e7a0
assets/bc-sf-filter-ico.ttf:
  development: 2018-07-03T10:24:16-04:00   e93d8d7ab239f5fc53c79498416fa663
assets/bc-sf-filter-ico.woff:
  development: 2018-07-03T10:24:18-04:00   80b57bf99828f1bdc6c73ffff8d0747b
assets/bc-sf-filter-lib.js:
  development: 2018-07-04T03:10:13-04:00   3190b7a7c369026ebe037a9a5f2cc781
assets/bc-sf-filter-loading.gif:
  development: 2018-07-03T10:24:19-04:00   4f0d7a057ab9bf47148d131d6823bc61
assets/bc-sf-filter-no-image.gif:
  development: 2018-07-03T10:24:20-04:00   0c0c8503031b6551f7dbbbe77f180ab4
assets/bc-sf-filter.js:
  development: 2018-07-11T09:14:02-04:00   ab351141adaf044aec06b7116ca4aef2
assets/bc-sf-filter.scss.liquid:
  development: 2018-07-04T03:10:29-04:00   e783e5604d0ad34dad94267b9afb1b8a
assets/bc-sf-search.js:
  development: 2018-07-03T10:24:06-04:00   70350b026ed419e6df93ff868f7b9861
assets/cart.png:
  development: 2018-07-03T06:37:04-04:00   edbc5e7561346e681ff1e3e39f2a5c15
assets/dots.png:
  development: 2018-07-11T06:23:50-04:00   8a2610a2997a399c087d52412d362461
assets/events.js:
  development: 2018-07-13T05:18:39-04:00   d1a8bdd767da9cff0e2d8012e897bf60
assets/giftcard.js:
  development: 2018-07-04T09:34:02-04:00   e9e5d84a87893a621383938504a89582
assets/home-banner-mobile.jpg:
  development: 2018-07-03T05:52:26-04:00   7c5a11c1a853a41731f6b7c75ce90b99
assets/home-banner.jpg:
  development: 2018-07-03T05:52:45-04:00   3630c9eefb440754bfaa27d0b9a8e992
assets/ico-select.svg.liquid:
  development: 2018-07-02T07:44:28-04:00   765be6d2ef08d76aa0f1aab48a10e2b7
assets/icon-chevron-down.svg:
  development: 2018-07-06T10:13:50-04:00   a7ba07316b167f957afb66849753b922
assets/icon-close.svg:
  development: 2018-07-11T09:44:11-04:00   2a894166b49d99717a633f833a715fda
assets/logo.png:
  development: 2018-07-02T07:58:57-04:00   0bae510a339358856912fc193b5e878a
assets/main.js:
  development: 2018-07-13T05:18:47-04:00   60e81ec189006d34d1ef8f1d4ccd30cf
assets/select.png:
  development: 2018-07-05T02:31:37-04:00   a63565a509d5934934d3695b56ea33f1
assets/theme.js:
  development: 2018-07-06T10:12:55-04:00   5af4abb737be56391dd94661012ed482
assets/theme.scss.liquid:
  development: 2018-07-13T05:19:18-04:00   b17a69195ec711b08a21ac8d87db74be
assets/vendor.js:
  development: 2018-07-05T10:55:59-04:00   2dcce8719072233c78785c31ca8cb1e0
config/settings_schema.json:
  development: 2018-07-09T04:19:35-04:00   936a76a21636401860491363b2b7e779
layout/gift_card.liquid:
  development: 2018-07-02T07:44:30-04:00   b58166c5e68a3ac6fc885d27b6c84eb4
layout/password.liquid:
  development: 2018-07-02T07:43:59-04:00   a3126a75f83c949db861167020c63219
layout/theme.liquid:
  development: 2018-07-13T05:22:25-04:00   a5844a7ac81486e152dad97e61a24037
locales/da.json:
  development: 2018-07-02T07:43:53-04:00   11eeba1f0b587a6e3183ea859a874ca1
locales/de.json:
  development: 2018-07-02T07:43:26-04:00   bf98a62c6b1be4fae1ed6bb483b2d1cb
locales/en.default.json:
  development: 2018-07-11T02:23:07-04:00   1983236c69e2f208b2b3eb3e2cbd9d28
locales/es.json:
  development: 2018-07-02T07:44:13-04:00   c728855db4de752df3d15e8ee0e76223
locales/fr.json:
  development: 2018-07-02T07:44:35-04:00   243a2a79ce3c8a42ce3d0e3a8a2baa6c
locales/pt-BR.json:
  development: 2018-07-02T07:44:01-04:00   a923b89f0abfb7ea518de79d3cca69b1
locales/pt-PT.json:
  development: 2018-07-02T07:44:01-04:00   e063bad52d56951e8e83095af177e679
sections/cart.liquid:
  development: 2018-07-11T09:49:20-04:00   faacbce27cd68fda59214a1a70a94e84
sections/celebrities.liquid:
  development: 2018-07-05T02:32:49-04:00   14262e61e1616a08e71793667063cc31
sections/charity.liquid:
  development: 2018-07-11T06:23:58-04:00   d1a3ef8ae0ec096e8127ad7bd89a8248
sections/collection-list.liquid:
  development: 2018-07-02T07:43:25-04:00   28d3dfaf9923361395f2e9dd48d4b2d4
sections/collection-template-bc-sf-filter.liquid:
  development: 2018-07-11T08:57:34-04:00   2a18533a08e87c030fdaef0fc3cd1faa
sections/collection-template.liquid:
  development: 2018-07-04T03:10:10-04:00   4bac8c59ca0d6ff21bda20818833f06a
sections/color-dictionary.liquid:
  development: 2018-07-09T04:24:05-04:00   e1a2d4eb706b4bc118419215fa1e166f
sections/contacts.liquid:
  development: 2018-07-05T02:32:38-04:00   4d36ac058ef36278f841bcc97779f071
sections/events.liquid:
  development: 2018-07-13T05:18:41-04:00   357f5a553fccdd1799bce34bf73d5134
sections/faq-page.liquid:
  development: 2018-07-05T10:56:28-04:00   81a2079518be6e42c32e547821a02c16
sections/featured-collection.liquid:
  development: 2018-07-02T07:44:25-04:00   dcf1c5bab79447361a4e841cf5adc148
sections/featured-product.liquid:
  development: 2018-07-02T07:43:44-04:00   fb5c9c800bf3dc82d073817363333542
sections/footer.liquid:
  development: 2018-07-05T02:31:04-04:00   1b863175f31e81f09bc2e7c94d49dd78
sections/header.liquid:
  development: 2018-07-11T02:20:10-04:00   97cc1fad732fd733ca5b622093315494
sections/home-banner.liquid:
  development: 2018-07-03T05:52:01-04:00   180f6cd89a5e2c19ea0c0e707d9f3e3c
sections/home-page-info.liquid:
  development: 2018-07-03T09:24:31-04:00   8d5da5dacb04dfbee82eef2806a11cf5
sections/legal-area-page.liquid:
  development: 2018-07-05T10:56:31-04:00   78dbec5583f9b8f65d03739bdb3b937f
sections/product.liquid:
  development: 2018-07-12T03:54:44-04:00   724d8fa678bd327cc395a8d3e2afcd1a
sections/search-template-bc-sf-filter.liquid:
  development: 2018-07-03T10:54:57-04:00   7a39ea591df93de23ad7544797bec326
snippets/bc-quickview-init.liquid:
  development: 2018-07-03T10:24:31-04:00   3589de8f143f56466ddb4813ed9faba3
snippets/bc-sf-filter-product-item.liquid:
  development: 2018-07-11T02:45:35-04:00   d9271473d1ad0ce98c7cb9cdd1045747
snippets/bc-sf-filter.liquid:
  development: 2018-07-04T03:10:31-04:00   5f0a3cf4be78b8ce88e74b7da392accd
snippets/icon-amazon_payments.liquid:
  development: 2018-07-02T07:44:09-04:00   b5ff59d6df578a0fc1ca86322682cbaf
snippets/icon-american_express.liquid:
  development: 2018-06-12T17:48:02-04:00   9da829decce6867b8de60a183c94d099
snippets/icon-apple_pay.liquid:
  development: 2018-07-02T07:43:56-04:00   f679a56cc48b7bf65ea998f8c5029937
snippets/icon-arrow-down.liquid:
  development: 2018-07-02T07:43:58-04:00   4220a296e469301813f0696d88df0b82
snippets/icon-bitcoin.liquid:
  development: 2018-06-12T17:48:02-04:00   d8cb31e0401818c1cb852348b6f27420
snippets/icon-cart.liquid:
  development: 2018-07-02T07:43:49-04:00   997476c1a780e5dcefac1458a9aab8b9
snippets/icon-chevron-down.liquid:
  development: 2018-07-03T05:52:27-04:00   b8c61d7bb9e5f76894bfae7dc56b9e62
snippets/icon-cirrus.liquid:
  development: 2018-06-12T17:48:02-04:00   fcbd6ce7e38d7946c921c8ed6ad5ca71
snippets/icon-close.liquid:
  development: 2018-07-02T07:43:33-04:00   1ae4758b5f5e0acc627a32e96ed79da9
snippets/icon-dankort.liquid:
  development: 2018-06-12T17:48:02-04:00   796e1e822b3e46784d303b48c9db5b29
snippets/icon-diners_club.liquid:
  development: 2018-06-12T17:48:02-04:00   cf70ea54486bb14c286264f90dab9ff8
snippets/icon-discover.liquid:
  development: 2018-06-12T17:48:03-04:00   b43221b39bc3df37f7e6c7810d3e54d8
snippets/icon-dogecoin.liquid:
  development: 2018-07-02T07:43:35-04:00   67abfb757def8ef6ad3e8501af6b98bd
snippets/icon-dwolla.liquid:
  development: 2018-07-02T07:43:27-04:00   30b9fb88641a559f68f401a1a95506e5
snippets/icon-facebook.liquid:
  development: 2018-06-12T17:48:03-04:00   334588042b292f2d7335fd2791c35eca
snippets/icon-forbrugsforeningen.liquid:
  development: 2018-07-02T07:44:17-04:00   dc60dbbf37b6b40ce2d5e8efb6a5cd7b
snippets/icon-google-plus-2.liquid:
  development: 2018-07-09T04:22:09-04:00   ceb04fdac6ca9812791df1b40b066160
snippets/icon-google-plus.liquid:
  development: 2018-07-09T04:22:06-04:00   c58ed86e1ecb1ed5bb68683e6fa85b4c
snippets/icon-hamburger.liquid:
  development: 2018-07-02T07:44:22-04:00   c61b1caa743b5790de67f0ccc8f3ba04
snippets/icon-instagram.liquid:
  development: 2018-06-12T17:48:03-04:00   bf50214819f6e2a5f053593e2414526d
snippets/icon-interac.liquid:
  development: 2018-06-12T17:48:03-04:00   24c4d22a98c0574c32fc02fe39e34b80
snippets/icon-jcb.liquid:
  development: 2018-06-12T17:48:03-04:00   275259ce80a1b368d0e5afcf7d6bb6f3
snippets/icon-litecoin.liquid:
  development: 2018-06-12T17:48:03-04:00   051dfcb36fa17b532a087b12f0a49e0e
snippets/icon-lock.liquid:
  development: 2018-06-12T17:48:03-04:00   60ae7ba03d14efa582faed8855821a58
snippets/icon-maestro.liquid:
  development: 2018-07-02T07:43:37-04:00   a540b6db188a28fb8f72ed741a897330
snippets/icon-master.liquid:
  development: 2018-07-02T07:44:02-04:00   a8160577c52110a093d7120692bb6241
snippets/icon-minus.liquid:
  development: 2018-06-12T17:48:03-04:00   78c513424d498299e865f8a242823ad0
snippets/icon-paypal.liquid:
  development: 2018-06-12T17:48:03-04:00   1b0d7db160b229b8519cccf2514ee676
snippets/icon-pinterest-logo.liquid:
  development: 2018-07-09T04:21:52-04:00   2605e6f13b6cce123db06df487b22009
snippets/icon-pinterest.liquid:
  development: 2018-06-12T17:48:04-04:00   701f2a785b3fa83d63e3ab54af060031
snippets/icon-plus.liquid:
  development: 2018-06-12T17:48:04-04:00   ba5297f64eb7ea97f1785e8166e11231
snippets/icon-rss.liquid:
  development: 2018-07-02T07:44:27-04:00   192c99ddafd680c55f2fd9261df8d871
snippets/icon-search.liquid:
  development: 2018-07-02T07:44:23-04:00   a87ad34972418ed6358f17c62949f804
snippets/icon-shopify-logo.liquid:
  development: 2018-07-02T07:44:10-04:00   70ebbe66d8a1bf488965e2ad372408c6
snippets/icon-snapchat.liquid:
  development: 2018-07-02T07:44:12-04:00   d6f0dedb86544b535e6ea5b25f66ef0d
snippets/icon-tumblr.liquid:
  development: 2018-06-12T17:48:04-04:00   d71a4ada77a8a9b6bd792bdafef393de
snippets/icon-twitter.liquid:
  development: 2018-06-12T17:48:04-04:00   24047c22697a23a0baabf2804adc6c11
snippets/icon-vimeo.liquid:
  development: 2018-06-12T17:48:04-04:00   a229ed8a1a81e6ef95ad621f8a34efb6
snippets/icon-visa.liquid:
  development: 2018-06-12T17:48:04-04:00   9098533cd59e385d2672f6d8b7fa4b04
snippets/icon-youtube.liquid:
  development: 2018-06-12T17:48:04-04:00   9d72c5bc3eaa14a3e7aefd921881b1ae
snippets/no-blocks.liquid:
  development: 2018-06-12T17:48:04-04:00   0cb7d758b6df0feb07ae5804b4b627fa
snippets/pagination.liquid:
  development: 2018-07-02T07:44:05-04:00   d4a467973d86f8663428ddaaaf035d12
snippets/product-card.liquid:
  development: 2018-07-11T02:41:06-04:00   5f740cd9ba9cef1b2ed4ab788e17e3e8
snippets/social-meta-tags.liquid:
  development: 2018-07-02T07:43:31-04:00   312dfc487a1aa92503527dbc4a4e56b4
snippets/social-sharing.liquid:
  development: 2018-07-06T10:19:57-04:00   259a1d4fe26b87837fd98be16a57c124
templates/404.liquid:
  development: 2018-07-02T07:43:47-04:00   a345bd048463d3bb245873ed26a41a98
templates/article.liquid:
  development: 2018-07-03T05:52:42-04:00   91ccddbbc730274762bcad38d537ac6f
templates/blog.liquid:
  development: 2018-07-02T07:44:33-04:00   6afa6d4a6ed4b457f72a4c28c536dca9
templates/cart.liquid:
  development: 2018-07-11T02:26:14-04:00   38bc81887494bb19381f795315cb50b2
templates/collection.bc-original.liquid:
  development: 2018-07-04T03:10:05-04:00   bfb9120afb9c16c36c05cb87871ee8c2
templates/collection.liquid:
  development: 2018-07-03T10:50:26-04:00   bfb9120afb9c16c36c05cb87871ee8c2
templates/customers/account.liquid:
  development: 2018-07-02T07:43:49-04:00   4742bf0cc429943e699cbe9a0f528fa8
templates/customers/activate_account.liquid:
  development: 2018-07-02T07:43:42-04:00   9df448bfebd9818755cc375260469e32
templates/customers/addresses.liquid:
  development: 2018-07-02T07:43:57-04:00   3bf9b443cb0d71292ff3a1066df19ee1
templates/customers/login.liquid:
  development: 2018-07-02T07:44:07-04:00   5fb605d8eccf7d3109898209f7eb4ead
templates/customers/order.liquid:
  development: 2018-07-02T07:44:14-04:00   37f1c5cf66aa9eb9f7588988f536568d
templates/customers/register.liquid:
  development: 2018-07-02T07:44:04-04:00   5daf7cefee78a7ce0ce75aa59a64d4c3
templates/customers/reset_password.liquid:
  development: 2018-07-02T07:44:30-04:00   f6e5f6d66dacbb6fffd82fb1a6d29cd4
templates/gift_card.liquid:
  development: 2018-07-02T07:44:15-04:00   f61e2011563bbcc40f5cce50073693ab
templates/index.liquid:
  development: 2018-06-12T17:48:05-04:00   56b51b6f96394db4b17c64b43e1c0010
templates/list-collections.liquid:
  development: 2018-07-02T07:43:28-04:00   6abbd591b600d37e335daf0a1cd45026
templates/page.celebrities.liquid:
  development: 2018-07-05T02:32:46-04:00   a1cda266c137a7c8d78864222353a671
templates/page.charity.liquid:
  development: 2018-07-11T06:24:13-04:00   e9221b39bbfa9a0cc552714e5919ecb9
templates/page.contact.liquid:
  development: 2018-07-02T07:44:16-04:00   88dad9ec10b277c434ca6ea082a70052
templates/page.contacts.liquid:
  development: 2018-07-03T05:52:37-04:00   330e5a8350bb347572c8971cbcbf6d5e
templates/page.events.liquid:
  development: 2018-07-13T05:18:32-04:00   00f9e1eead0cd25c89b0818e8fa2b55c
templates/page.faq.liquid:
  development: 2018-07-03T10:32:37-04:00   c7205b051048d42808e8332bfc9f90c4
templates/page.legal-area.liquid:
  development: 2018-07-03T10:44:20-04:00   c140233de299ec5eab49bead656c2e23
templates/page.liquid:
  development: 2018-07-04T02:48:47-04:00   7297d40be4ec8c86695e4cb4eb9ed0f2
templates/page.styles.liquid:
  development: 2018-07-02T07:43:37-04:00   9fb4c3208eda89312711db4cdc2773c7
templates/password.liquid:
  development: 2018-07-02T07:43:32-04:00   73bba9f7f2437720e1e1fde57b544859
templates/product.bc-quickview.liquid:
  development: 2018-07-03T10:24:31-04:00   7b8fc51dffa1efbb6bb649f97748139e
templates/product.liquid:
  development: 2018-07-05T03:42:20-04:00   19b8bf055723db8fc7526c7f53954dae
templates/search.liquid:
  development: 2018-07-11T07:40:28-04:00   56a5ec7403a7ff22fc34f3401c7ba306
templates/search.maestrooo_all_collections.liquid:
  development: 2018-07-05T07:02:05-04:00   2fe97fd1f3b77facc726b524e15528f4
templates/search.maestrooo_all_types.liquid:
  development: 2018-07-05T07:02:05-04:00   2c12d2b3b7ea8e84dcafab2142cf6be3
templates/search.maestrooo_all_vendors.liquid:
  development: 2018-07-05T07:02:06-04:00   92921a215e508c5cdb8e8ee2c3004aa2
templates/search.maestrooo_articles.liquid:
  development: 2018-07-05T07:02:08-04:00   0416169298e47fa7f081c599d0122803
templates/search.maestrooo_pages.liquid:
  development: 2018-07-05T07:02:08-04:00   21c308012d0c6ce76ab54f6893df706c
templates/search.maestrooo_products.liquid:
  development: 2018-07-05T07:02:09-04:00   f78d9ae35c3dffef29fa9f69fd3cb3fd
